
Microsoft Visual Studio Solution File, Format Version 12.00
# Visual Studio 15
VisualStudioVersion = 15.0.28307.572
MinimumVisualStudioVersion = 10.0.40219.1
Project("{FAE04EC0-301F-11D3-BF4B-00C04F79EFBC}") = "[OLC1]Proyecto1_201602869", "[OLC1]Proyecto1_201602869\[OLC1]Proyecto1_201602869.csproj", "{87C86041-B2DF-4D97-AB2F-680EA8806E99}"
EndProject
Global
	GlobalSection(SolutionConfigurationPlatforms) = preSolution
		Debug|Any CPU = Debug|Any CPU
		Release|Any CPU = Release|Any CPU
	EndGlobalSection
	GlobalSection(ProjectConfigurationPlatforms) = postSolution
		{87C86041-B2DF-4D97-AB2F-680EA8806E99}.Debug|Any CPU.ActiveCfg = Debug|Any CPU
		{87C86041-B2DF-4D97-AB2F-680EA8806E99}.Debug|Any CPU.Build.0 = Debug|Any CPU
		{87C86041-B2DF-4D97-AB2F-680EA8806E99}.Release|Any CPU.ActiveCfg = Release|Any CPU
		{87C86041-B2DF-4D97-AB2F-680EA8806E99}.Release|Any CPU.Build.0 = Release|Any CPU
	EndGlobalSection
	GlobalSection(SolutionProperties) = preSolution
		HideSolutionNode = FALSE
	EndGlobalSection
	GlobalSection(ExtensibilityGlobals) = postSolution
		SolutionGuid = {3317B7F1-84DA-4717-8907-E9FC56C41C95}
	EndGlobalSection
EndGlobal
